// !$*UTF8*$!
{
	archiveVersion = 1;
	classes = {
	};
	objectVersion = 50;
	objects = {

/* Begin PBXBuildFile section */
		1A14CCAA26BD34C500AD232C /* FriendsCell.swift in Sources */ = {isa = PBXBuildFile; fileRef = 1A14CCA926BD34C500AD232C /* FriendsCell.swift */; };
		1A14CCAC26BD37E500AD232C /* FriendProfileCell.swift in Sources */ = {isa = PBXBuildFile; fileRef = 1A14CCAB26BD37E500AD232C /* FriendProfileCell.swift */; };
		1A14CCAE26BD3ACB00AD232C /* Model.swift in Sources */ = {isa = PBXBuildFile; fileRef = 1A14CCAD26BD3ACB00AD232C /* Model.swift */; };
		1A5785DE26C06130009643CB /* AvatarView.swift in Sources */ = {isa = PBXBuildFile; fileRef = 1A5785DD26C06130009643CB /* AvatarView.swift */; };
		1A5785E026C09E33009643CB /* CustomControl.swift in Sources */ = {isa = PBXBuildFile; fileRef = 1A5785DF26C09E33009643CB /* CustomControl.swift */; };
		1A5F513E26B90D8000069A86 /* AppDelegate.swift in Sources */ = {isa = PBXBuildFile; fileRef = 1A5F513D26B90D8000069A86 /* AppDelegate.swift */; };
		1A5F514026B90D8000069A86 /* SceneDelegate.swift in Sources */ = {isa = PBXBuildFile; fileRef = 1A5F513F26B90D8000069A86 /* SceneDelegate.swift */; };
		1A5F514A26B90D8300069A86 /* LaunchScreen.storyboard in Resources */ = {isa = PBXBuildFile; fileRef = 1A5F514826B90D8300069A86 /* LaunchScreen.storyboard */; };
		1A5F516426B9920000069A86 /* Main.storyboard in Resources */ = {isa = PBXBuildFile; fileRef = 1A5F516326B9920000069A86 /* Main.storyboard */; };
		1A5F516626B9922D00069A86 /* LoginFormController.swift in Sources */ = {isa = PBXBuildFile; fileRef = 1A5F516526B9922D00069A86 /* LoginFormController.swift */; };
		1A5F516826B9923C00069A86 /* Assets.xcassets in Resources */ = {isa = PBXBuildFile; fileRef = 1A5F516726B9923C00069A86 /* Assets.xcassets */; };
		1A5F518526BD338800069A86 /* FriendsController.swift in Sources */ = {isa = PBXBuildFile; fileRef = 1A5F518426BD338800069A86 /* FriendsController.swift */; };
		1AB092BE26BD4EA0004CF9E0 /* ChosenFriendController.swift in Sources */ = {isa = PBXBuildFile; fileRef = 1AB092BD26BD4EA0004CF9E0 /* ChosenFriendController.swift */; };
		1AB092C126BD8208004CF9E0 /* MyGroupsController.swift in Sources */ = {isa = PBXBuildFile; fileRef = 1AB092C026BD8208004CF9E0 /* MyGroupsController.swift */; };
		1AB092C326BD8224004CF9E0 /* MyGroupsCell.swift in Sources */ = {isa = PBXBuildFile; fileRef = 1AB092C226BD8224004CF9E0 /* MyGroupsCell.swift */; };
		1AB092C526BD827C004CF9E0 /* SearchGroupsController.swift in Sources */ = {isa = PBXBuildFile; fileRef = 1AB092C426BD827C004CF9E0 /* SearchGroupsController.swift */; };
		1AB092C726BD8290004CF9E0 /* SearchGroupsCell.swift in Sources */ = {isa = PBXBuildFile; fileRef = 1AB092C626BD8290004CF9E0 /* SearchGroupsCell.swift */; };
/* End PBXBuildFile section */

/* Begin PBXFileReference section */
		1A14CCA926BD34C500AD232C /* FriendsCell.swift */ = {isa = PBXFileReference; lastKnownFileType = sourcecode.swift; path = FriendsCell.swift; sourceTree = "<group>"; };
		1A14CCAB26BD37E500AD232C /* FriendProfileCell.swift */ = {isa = PBXFileReference; lastKnownFileType = sourcecode.swift; path = FriendProfileCell.swift; sourceTree = "<group>"; };
		1A14CCAD26BD3ACB00AD232C /* Model.swift */ = {isa = PBXFileReference; lastKnownFileType = sourcecode.swift; path = Model.swift; sourceTree = "<group>"; };
		1A5785DD26C06130009643CB /* AvatarView.swift */ = {isa = PBXFileReference; lastKnownFileType = sourcecode.swift; path = AvatarView.swift; sourceTree = "<group>"; };
		1A5785DF26C09E33009643CB /* CustomControl.swift */ = {isa = PBXFileReference; lastKnownFileType = sourcecode.swift; path = CustomControl.swift; sourceTree = "<group>"; };
		1A5F513A26B90D8000069A86 /* VKontakte.app */ = {isa = PBXFileReference; explicitFileType = wrapper.application; includeInIndex = 0; path = VKontakte.app; sourceTree = BUILT_PRODUCTS_DIR; };
		1A5F513D26B90D8000069A86 /* AppDelegate.swift */ = {isa = PBXFileReference; lastKnownFileType = sourcecode.swift; path = AppDelegate.swift; sourceTree = "<group>"; };
		1A5F513F26B90D8000069A86 /* SceneDelegate.swift */ = {isa = PBXFileReference; lastKnownFileType = sourcecode.swift; path = SceneDelegate.swift; sourceTree = "<group>"; };
		1A5F514926B90D8300069A86 /* Base */ = {isa = PBXFileReference; lastKnownFileType = file.storyboard; name = Base; path = Base.lproj/LaunchScreen.storyboard; sourceTree = "<group>"; };
		1A5F514B26B90D8300069A86 /* Info.plist */ = {isa = PBXFileReference; lastKnownFileType = text.plist.xml; path = Info.plist; sourceTree = "<group>"; };
		1A5F516326B9920000069A86 /* Main.storyboard */ = {isa = PBXFileReference; fileEncoding = 4; lastKnownFileType = file.storyboard; path = Main.storyboard; sourceTree = "<group>"; };
		1A5F516526B9922D00069A86 /* LoginFormController.swift */ = {isa = PBXFileReference; fileEncoding = 4; lastKnownFileType = sourcecode.swift; path = LoginFormController.swift; sourceTree = "<group>"; };
		1A5F516726B9923C00069A86 /* Assets.xcassets */ = {isa = PBXFileReference; lastKnownFileType = folder.assetcatalog; path = Assets.xcassets; sourceTree = "<group>"; };
		1A5F518426BD338800069A86 /* FriendsController.swift */ = {isa = PBXFileReference; lastKnownFileType = sourcecode.swift; path = FriendsController.swift; sourceTree = "<group>"; };
		1AB092BD26BD4EA0004CF9E0 /* ChosenFriendController.swift */ = {isa = PBXFileReference; lastKnownFileType = sourcecode.swift; path = ChosenFriendController.swift; sourceTree = "<group>"; };
		1AB092C026BD8208004CF9E0 /* MyGroupsController.swift */ = {isa = PBXFileReference; lastKnownFileType = sourcecode.swift; path = MyGroupsController.swift; sourceTree = "<group>"; };
		1AB092C226BD8224004CF9E0 /* MyGroupsCell.swift */ = {isa = PBXFileReference; lastKnownFileType = sourcecode.swift; path = MyGroupsCell.swift; sourceTree = "<group>"; };
		1AB092C426BD827C004CF9E0 /* SearchGroupsController.swift */ = {isa = PBXFileReference; lastKnownFileType = sourcecode.swift; path = SearchGroupsController.swift; sourceTree = "<group>"; };
		1AB092C626BD8290004CF9E0 /* SearchGroupsCell.swift */ = {isa = PBXFileReference; lastKnownFileType = sourcecode.swift; path = SearchGroupsCell.swift; sourceTree = "<group>"; };
/* End PBXFileReference section */

/* Begin PBXFrameworksBuildPhase section */
		1A5F513726B90D8000069A86 /* Frameworks */ = {
			isa = PBXFrameworksBuildPhase;
			buildActionMask = 2147483647;
			files = (
			);
			runOnlyForDeploymentPostprocessing = 0;
		};
/* End PBXFrameworksBuildPhase section */

/* Begin PBXGroup section */
		1A5785E126C09E43009643CB /* CustomElements */ = {
			isa = PBXGroup;
			children = (
				1A5785DF26C09E33009643CB /* CustomControl.swift */,
				1A5785DD26C06130009643CB /* AvatarView.swift */,
			);
			path = CustomElements;
			sourceTree = "<group>";
		};
		1A5F513126B90D8000069A86 = {
			isa = PBXGroup;
			children = (
				1A5F513C26B90D8000069A86 /* VKontakte */,
				1A5F513B26B90D8000069A86 /* Products */,
			);
			sourceTree = "<group>";
		};
		1A5F513B26B90D8000069A86 /* Products */ = {
			isa = PBXGroup;
			children = (
				1A5F513A26B90D8000069A86 /* VKontakte.app */,
			);
			name = Products;
			sourceTree = "<group>";
		};
		1A5F513C26B90D8000069A86 /* VKontakte */ = {
			isa = PBXGroup;
			children = (
				1A5F513D26B90D8000069A86 /* AppDelegate.swift */,
				1A5F513F26B90D8000069A86 /* SceneDelegate.swift */,
				1A5F516526B9922D00069A86 /* LoginFormController.swift */,
				1AB092BF26BD81DB004CF9E0 /* Groups */,
				1A5F518326BD336A00069A86 /* Friends */,
				1A5785E126C09E43009643CB /* CustomElements */,
				1A5F516326B9920000069A86 /* Main.storyboard */,
				1A5F516726B9923C00069A86 /* Assets.xcassets */,
				1A14CCAD26BD3ACB00AD232C /* Model.swift */,
				1A5F514826B90D8300069A86 /* LaunchScreen.storyboard */,
				1A5F514B26B90D8300069A86 /* Info.plist */,
			);
			path = VKontakte;
			sourceTree = "<group>";
		};
		1A5F518326BD336A00069A86 /* Friends */ = {
			isa = PBXGroup;
			children = (
				1A5F518426BD338800069A86 /* FriendsController.swift */,
				1A14CCA926BD34C500AD232C /* FriendsCell.swift */,
				1AB092BD26BD4EA0004CF9E0 /* ChosenFriendController.swift */,
				1A14CCAB26BD37E500AD232C /* FriendProfileCell.swift */,
			);
			path = Friends;
			sourceTree = "<group>";
		};
		1AB092BF26BD81DB004CF9E0 /* Groups */ = {
			isa = PBXGroup;
			children = (
				1AB092C026BD8208004CF9E0 /* MyGroupsController.swift */,
				1AB092C226BD8224004CF9E0 /* MyGroupsCell.swift */,
				1AB092C426BD827C004CF9E0 /* SearchGroupsController.swift */,
				1AB092C626BD8290004CF9E0 /* SearchGroupsCell.swift */,
			);
			path = Groups;
			sourceTree = "<group>";
		};
/* End PBXGroup section */

/* Begin PBXNativeTarget section */
		1A5F513926B90D8000069A86 /* VKontakte */ = {
			isa = PBXNativeTarget;
			buildConfigurationList = 1A5F514E26B90D8300069A86 /* Build configuration list for PBXNativeTarget "VKontakte" */;
			buildPhases = (
				1A5F513626B90D8000069A86 /* Sources */,
				1A5F513726B90D8000069A86 /* Frameworks */,
				1A5F513826B90D8000069A86 /* Resources */,
				1A5F515226B90EC900069A86 /* swiftFormat */,
				1A5F515126B90E1700069A86 /* swiftLint */,
			);
			buildRules = (
			);
			dependencies = (
			);
			name = VKontakte;
			productName = VKontakte;
			productReference = 1A5F513A26B90D8000069A86 /* VKontakte.app */;
			productType = "com.apple.product-type.application";
		};
/* End PBXNativeTarget section */

/* Begin PBXProject section */
		1A5F513226B90D8000069A86 /* Project object */ = {
			isa = PBXProject;
			attributes = {
				LastSwiftUpdateCheck = 1250;
				LastUpgradeCheck = 1250;
				TargetAttributes = {
					1A5F513926B90D8000069A86 = {
						CreatedOnToolsVersion = 12.5.1;
					};
				};
			};
			buildConfigurationList = 1A5F513526B90D8000069A86 /* Build configuration list for PBXProject "VKontakte" */;
			compatibilityVersion = "Xcode 9.3";
			developmentRegion = en;
			hasScannedForEncodings = 0;
			knownRegions = (
				en,
				Base,
			);
			mainGroup = 1A5F513126B90D8000069A86;
			productRefGroup = 1A5F513B26B90D8000069A86 /* Products */;
			projectDirPath = "";
			projectRoot = "";
			targets = (
				1A5F513926B90D8000069A86 /* VKontakte */,
			);
		};
/* End PBXProject section */

/* Begin PBXResourcesBuildPhase section */
		1A5F513826B90D8000069A86 /* Resources */ = {
			isa = PBXResourcesBuildPhase;
			buildActionMask = 2147483647;
			files = (
				1A5F516426B9920000069A86 /* Main.storyboard in Resources */,
				1A5F516826B9923C00069A86 /* Assets.xcassets in Resources */,
				1A5F514A26B90D8300069A86 /* LaunchScreen.storyboard in Resources */,
			);
			runOnlyForDeploymentPostprocessing = 0;
		};
/* End PBXResourcesBuildPhase section */

/* Begin PBXShellScriptBuildPhase section */
		1A5F515126B90E1700069A86 /* swiftLint */ = {
			isa = PBXShellScriptBuildPhase;
			buildActionMask = 2147483647;
			files = (
			);
			inputFileListPaths = (
			);
			inputPaths = (
			);
			name = swiftLint;
			outputFileListPaths = (
			);
			outputPaths = (
			);
			runOnlyForDeploymentPostprocessing = 0;
			shellPath = /bin/sh;
			shellScript = "if which swiftlint >/dev/null; then\n  swiftlint\nelse\n  echo \"warning: SwiftLint not installed, download from https://github.com/realm/SwiftLint\"\nfi\n";
		};
		1A5F515226B90EC900069A86 /* swiftFormat */ = {
			isa = PBXShellScriptBuildPhase;
			buildActionMask = 2147483647;
			files = (
			);
			inputFileListPaths = (
			);
			inputPaths = (
			);
			name = swiftFormat;
			outputFileListPaths = (
			);
			outputPaths = (
			);
			runOnlyForDeploymentPostprocessing = 0;
			shellPath = /bin/sh;
			shellScript = "if which swiftformat >/dev/null; then\n  swiftformat .\nelse\n  echo \"warning: SwiftFormat not installed, download from https://github.com/nicklockwood/SwiftFormat\"\nfi\n";
		};
/* End PBXShellScriptBuildPhase section */

/* Begin PBXSourcesBuildPhase section */
		1A5F513626B90D8000069A86 /* Sources */ = {
			isa = PBXSourcesBuildPhase;
			buildActionMask = 2147483647;
			files = (
				1A14CCAE26BD3ACB00AD232C /* Model.swift in Sources */,
				1A5F516626B9922D00069A86 /* LoginFormController.swift in Sources */,
				1A14CCAC26BD37E500AD232C /* FriendProfileCell.swift in Sources */,
				1AB092BE26BD4EA0004CF9E0 /* ChosenFriendController.swift in Sources */,
				1A5785E026C09E33009643CB /* CustomControl.swift in Sources */,
				1A5785DE26C06130009643CB /* AvatarView.swift in Sources */,
				1AB092C126BD8208004CF9E0 /* MyGroupsController.swift in Sources */,
				1A14CCAA26BD34C500AD232C /* FriendsCell.swift in Sources */,
				1A5F518526BD338800069A86 /* FriendsController.swift in Sources */,
				1AB092C326BD8224004CF9E0 /* MyGroupsCell.swift in Sources */,
				1AB092C526BD827C004CF9E0 /* SearchGroupsController.swift in Sources */,
				1A5F513E26B90D8000069A86 /* AppDelegate.swift in Sources */,
				1A5F514026B90D8000069A86 /* SceneDelegate.swift in Sources */,
				1AB092C726BD8290004CF9E0 /* SearchGroupsCell.swift in Sources */,
			);
			runOnlyForDeploymentPostprocessing = 0;
		};
/* End PBXSourcesBuildPhase section */

/* Begin PBXVariantGroup section */
		1A5F514826B90D8300069A86 /* LaunchScreen.storyboard */ = {
			isa = PBXVariantGroup;
			children = (
				1A5F514926B90D8300069A86 /* Base */,
			);
			name = LaunchScreen.storyboard;
			sourceTree = "<group>";
		};
/* End PBXVariantGroup section */

/* Begin XCBuildConfiguration section */
		1A5F514C26B90D8300069A86 /* Debug */ = {
			isa = XCBuildConfiguration;
			buildSettings = {
				ALWAYS_SEARCH_USER_PATHS = NO;
				CLANG_ANALYZER_NONNULL = YES;
				CLANG_ANALYZER_NUMBER_OBJECT_CONVERSION = YES_AGGRESSIVE;
				CLANG_CXX_LANGUAGE_STANDARD = "gnu++14";
				CLANG_CXX_LIBRARY = "libc++";
				CLANG_ENABLE_MODULES = YES;
				CLANG_ENABLE_OBJC_ARC = YES;
				CLANG_ENABLE_OBJC_WEAK = YES;
				CLANG_WARN_BLOCK_CAPTURE_AUTORELEASING = YES;
				CLANG_WARN_BOOL_CONVERSION = YES;
				CLANG_WARN_COMMA = YES;
				CLANG_WARN_CONSTANT_CONVERSION = YES;
				CLANG_WARN_DEPRECATED_OBJC_IMPLEMENTATIONS = YES;
				CLANG_WARN_DIRECT_OBJC_ISA_USAGE = YES_ERROR;
				CLANG_WARN_DOCUMENTATION_COMMENTS = YES;
				CLANG_WARN_EMPTY_BODY = YES;
				CLANG_WARN_ENUM_CONVERSION = YES;
				CLANG_WARN_INFINITE_RECURSION = YES;
				CLANG_WARN_INT_CONVERSION = YES;
				CLANG_WARN_NON_LITERAL_NULL_CONVERSION = YES;
				CLANG_WARN_OBJC_IMPLICIT_RETAIN_SELF = YES;
				CLANG_WARN_OBJC_LITERAL_CONVERSION = YES;
				CLANG_WARN_OBJC_ROOT_CLASS = YES_ERROR;
				CLANG_WARN_QUOTED_INCLUDE_IN_FRAMEWORK_HEADER = YES;
				CLANG_WARN_RANGE_LOOP_ANALYSIS = YES;
				CLANG_WARN_STRICT_PROTOTYPES = YES;
				CLANG_WARN_SUSPICIOUS_MOVE = YES;
				CLANG_WARN_UNGUARDED_AVAILABILITY = YES_AGGRESSIVE;
				CLANG_WARN_UNREACHABLE_CODE = YES;
				CLANG_WARN__DUPLICATE_METHOD_MATCH = YES;
				COPY_PHASE_STRIP = NO;
				DEBUG_INFORMATION_FORMAT = dwarf;
				ENABLE_STRICT_OBJC_MSGSEND = YES;
				ENABLE_TESTABILITY = YES;
				GCC_C_LANGUAGE_STANDARD = gnu11;
				GCC_DYNAMIC_NO_PIC = NO;
				GCC_NO_COMMON_BLOCKS = YES;
				GCC_OPTIMIZATION_LEVEL = 0;
				GCC_PREPROCESSOR_DEFINITIONS = (
					"DEBUG=1",
					"$(inherited)",
				);
				GCC_WARN_64_TO_32_BIT_CONVERSION = YES;
				GCC_WARN_ABOUT_RETURN_TYPE = YES_ERROR;
				GCC_WARN_UNDECLARED_SELECTOR = YES;
				GCC_WARN_UNINITIALIZED_AUTOS = YES_AGGRESSIVE;
				GCC_WARN_UNUSED_FUNCTION = YES;
				GCC_WARN_UNUSED_VARIABLE = YES;
				IPHONEOS_DEPLOYMENT_TARGET = 14.5;
				MTL_ENABLE_DEBUG_INFO = INCLUDE_SOURCE;
				MTL_FAST_MATH = YES;
				ONLY_ACTIVE_ARCH = YES;
				SDKROOT = iphoneos;
				SWIFT_ACTIVE_COMPILATION_CONDITIONS = DEBUG;
				SWIFT_OPTIMIZATION_LEVEL = "-Onone";
			};
			name = Debug;
		};
		1A5F514D26B90D8300069A86 /* Release */ = {
			isa = XCBuildConfiguration;
			buildSettings = {
				ALWAYS_SEARCH_USER_PATHS = NO;
				CLANG_ANALYZER_NONNULL = YES;
				CLANG_ANALYZER_NUMBER_OBJECT_CONVERSION = YES_AGGRESSIVE;
				CLANG_CXX_LANGUAGE_STANDARD = "gnu++14";
				CLANG_CXX_LIBRARY = "libc++";
				CLANG_ENABLE_MODULES = YES;
				CLANG_ENABLE_OBJC_ARC = YES;
				CLANG_ENABLE_OBJC_WEAK = YES;
				CLANG_WARN_BLOCK_CAPTURE_AUTORELEASING = YES;
				CLANG_WARN_BOOL_CONVERSION = YES;
				CLANG_WARN_COMMA = YES;
				CLANG_WARN_CONSTANT_CONVERSION = YES;
				CLANG_WARN_DEPRECATED_OBJC_IMPLEMENTATIONS = YES;
				CLANG_WARN_DIRECT_OBJC_ISA_USAGE = YES_ERROR;
				CLANG_WARN_DOCUMENTATION_COMMENTS = YES;
				CLANG_WARN_EMPTY_BODY = YES;
				CLANG_WARN_ENUM_CONVERSION = YES;
				CLANG_WARN_INFINITE_RECURSION = YES;
				CLANG_WARN_INT_CONVERSION = YES;
				CLANG_WARN_NON_LITERAL_NULL_CONVERSION = YES;
				CLANG_WARN_OBJC_IMPLICIT_RETAIN_SELF = YES;
				CLANG_WARN_OBJC_LITERAL_CONVERSION = YES;
				CLANG_WARN_OBJC_ROOT_CLASS = YES_ERROR;
				CLANG_WARN_QUOTED_INCLUDE_IN_FRAMEWORK_HEADER = YES;
				CLANG_WARN_RANGE_LOOP_ANALYSIS = YES;
				CLANG_WARN_STRICT_PROTOTYPES = YES;
				CLANG_WARN_SUSPICIOUS_MOVE = YES;
				CLANG_WARN_UNGUARDED_AVAILABILITY = YES_AGGRESSIVE;
				CLANG_WARN_UNREACHABLE_CODE = YES;
				CLANG_WARN__DUPLICATE_METHOD_MATCH = YES;
				COPY_PHASE_STRIP = NO;
				DEBUG_INFORMATION_FORMAT = "dwarf-with-dsym";
				ENABLE_NS_ASSERTIONS = NO;
				ENABLE_STRICT_OBJC_MSGSEND = YES;
				GCC_C_LANGUAGE_STANDARD = gnu11;
				GCC_NO_COMMON_BLOCKS = YES;
				GCC_WARN_64_TO_32_BIT_CONVERSION = YES;
				GCC_WARN_ABOUT_RETURN_TYPE = YES_ERROR;
				GCC_WARN_UNDECLARED_SELECTOR = YES;
				GCC_WARN_UNINITIALIZED_AUTOS = YES_AGGRESSIVE;
				GCC_WARN_UNUSED_FUNCTION = YES;
				GCC_WARN_UNUSED_VARIABLE = YES;
				IPHONEOS_DEPLOYMENT_TARGET = 14.5;
				MTL_ENABLE_DEBUG_INFO = NO;
				MTL_FAST_MATH = YES;
				SDKROOT = iphoneos;
				SWIFT_COMPILATION_MODE = wholemodule;
				SWIFT_OPTIMIZATION_LEVEL = "-O";
				VALIDATE_PRODUCT = YES;
			};
			name = Release;
		};
		1A5F514F26B90D8300069A86 /* Debug */ = {
			isa = XCBuildConfiguration;
			buildSettings = {
				ASSETCATALOG_COMPILER_APPICON_NAME = AppIcon;
				ASSETCATALOG_COMPILER_GLOBAL_ACCENT_COLOR_NAME = AccentColor;
				CODE_SIGN_STYLE = Automatic;
				DEVELOPMENT_TEAM = P585F5SRY2;
				INFOPLIST_FILE = VKontakte/Info.plist;
				LD_RUNPATH_SEARCH_PATHS = (
					"$(inherited)",
					"@executable_path/Frameworks",
				);
				PRODUCT_BUNDLE_IDENTIFIER = Swordinmouth.VKontakte;
				PRODUCT_NAME = "$(TARGET_NAME)";
				SWIFT_VERSION = 5.0;
				TARGETED_DEVICE_FAMILY = "1,2";
			};
			name = Debug;
		};
		1A5F515026B90D8300069A86 /* Release */ = {
			isa = XCBuildConfiguration;
			buildSettings = {
				ASSETCATALOG_COMPILER_APPICON_NAME = AppIcon;
				ASSETCATALOG_COMPILER_GLOBAL_ACCENT_COLOR_NAME = AccentColor;
				CODE_SIGN_STYLE = Automatic;
				DEVELOPMENT_TEAM = P585F5SRY2;
				INFOPLIST_FILE = VKontakte/Info.plist;
				LD_RUNPATH_SEARCH_PATHS = (
					"$(inherited)",
					"@executable_path/Frameworks",
				);
				PRODUCT_BUNDLE_IDENTIFIER = Swordinmouth.VKontakte;
				PRODUCT_NAME = "$(TARGET_NAME)";
				SWIFT_VERSION = 5.0;
				TARGETED_DEVICE_FAMILY = "1,2";
			};
			name = Release;
		};
/* End XCBuildConfiguration section */

/* Begin XCConfigurationList section */
		1A5F513526B90D8000069A86 /* Build configuration list for PBXProject "VKontakte" */ = {
			isa = XCConfigurationList;
			buildConfigurations = (
				1A5F514C26B90D8300069A86 /* Debug */,
				1A5F514D26B90D8300069A86 /* Release */,
			);
			defaultConfigurationIsVisible = 0;
			defaultConfigurationName = Release;
		};
		1A5F514E26B90D8300069A86 /* Build configuration list for PBXNativeTarget "VKontakte" */ = {
			isa = XCConfigurationList;
			buildConfigurations = (
				1A5F514F26B90D8300069A86 /* Debug */,
				1A5F515026B90D8300069A86 /* Release */,
			);
			defaultConfigurationIsVisible = 0;
			defaultConfigurationName = Release;
		};
/* End XCConfigurationList section */
	};
	rootObject = 1A5F513226B90D8000069A86 /* Project object */;
}
